
Microsoft Visual Studio Solution File, Format Version 12.00
# Visual Studio Version 16
VisualStudioVersion = 16.0.31605.320
MinimumVisualStudioVersion = 10.0.40219.1
Project("{FAE04EC0-301F-11D3-BF4B-00C04F79EFBC}") = "Telia.MVC", "Telia.MVC\Telia.MVC.csproj", "{C34E838D-217F-4368-88FA-EF723F6A143F}"
EndProject
Global
	GlobalSection(SolutionConfigurationPlatforms) = preSolution
		Debug|Any CPU = Debug|Any CPU
		Release|Any CPU = Release|Any CPU
	EndGlobalSection
	GlobalSection(ProjectConfigurationPlatforms) = postSolution
		{C34E838D-217F-4368-88FA-EF723F6A143F}.Debug|Any CPU.ActiveCfg = Debug|Any CPU
		{C34E838D-217F-4368-88FA-EF723F6A143F}.Debug|Any CPU.Build.0 = Debug|Any CPU
		{C34E838D-217F-4368-88FA-EF723F6A143F}.Release|Any CPU.ActiveCfg = Release|Any CPU
		{C34E838D-217F-4368-88FA-EF723F6A143F}.Release|Any CPU.Build.0 = Release|Any CPU
	EndGlobalSection
	GlobalSection(SolutionProperties) = preSolution
		HideSolutionNode = FALSE
	EndGlobalSection
	GlobalSection(ExtensibilityGlobals) = postSolution
		SolutionGuid = {F20BFB3F-68AA-4052-B9F5-98F5B02CD18D}
	EndGlobalSection
EndGlobal
